// !$*UTF8*$!
{
	archiveVersion = 1;
	classes = {
	};
	objectVersion = 46;
	objects = {

/* Begin PBXBuildFile section */
		E15183C71DA8991400273A97 /* AppDelegate.swift in Sources */ = {isa = PBXBuildFile; fileRef = E15183C61DA8991400273A97 /* AppDelegate.swift */; };
		E15183C91DA8991400273A97 /* ViewController.swift in Sources */ = {isa = PBXBuildFile; fileRef = E15183C81DA8991400273A97 /* ViewController.swift */; };
		E15183CC1DA8991400273A97 /* Main.storyboard in Resources */ = {isa = PBXBuildFile; fileRef = E15183CA1DA8991400273A97 /* Main.storyboard */; };
		E15183CE1DA8991400273A97 /* Assets.xcassets in Resources */ = {isa = PBXBuildFile; fileRef = E15183CD1DA8991400273A97 /* Assets.xcassets */; };
		E15183D11DA8991400273A97 /* LaunchScreen.storyboard in Resources */ = {isa = PBXBuildFile; fileRef = E15183CF1DA8991400273A97 /* LaunchScreen.storyboard */; };
		E15183DC1DA8991400273A97 /* QuizTests.swift in Sources */ = {isa = PBXBuildFile; fileRef = E15183DB1DA8991400273A97 /* QuizTests.swift */; };
		E15183E71DA8991400273A97 /* QuizUITests.swift in Sources */ = {isa = PBXBuildFile; fileRef = E15183E61DA8991400273A97 /* QuizUITests.swift */; };
/* End PBXBuildFile section */

/* Begin PBXContainerItemProxy section */
		E15183D81DA8991400273A97 /* PBXContainerItemProxy */ = {
			isa = PBXContainerItemProxy;
			containerPortal = E15183BB1DA8991300273A97 /* Project object */;
			proxyType = 1;
			remoteGlobalIDString = E15183C21DA8991300273A97;
			remoteInfo = Quiz;
		};
		E15183E31DA8991400273A97 /* PBXContainerItemProxy */ = {
			isa = PBXContainerItemProxy;
			containerPortal = E15183BB1DA8991300273A97 /* Project object */;
			proxyType = 1;
			remoteGlobalIDString = E15183C21DA8991300273A97;
			remoteInfo = Quiz;
		};
/* End PBXContainerItemProxy section */

/* Begin PBXFileReference section */
		E15183C31DA8991400273A97 /* Quiz.app */ = {isa = PBXFileReference; explicitFileType = wrapper.application; includeInIndex = 0; path = Quiz.app; sourceTree = BUILT_PRODUCTS_DIR; };
		E15183C61DA8991400273A97 /* AppDelegate.swift */ = {isa = PBXFileReference; lastKnownFileType = sourcecode.swift; path = AppDelegate.swift; sourceTree = "<group>"; };
		E15183C81DA8991400273A97 /* ViewController.swift */ = {isa = PBXFileReference; lastKnownFileType = sourcecode.swift; path = ViewController.swift; sourceTree = "<group>"; };
		E15183CB1DA8991400273A97 /* Base */ = {isa = PBXFileReference; lastKnownFileType = file.storyboard; name = Base; path = Base.lproj/Main.storyboard; sourceTree = "<group>"; };
		E15183CD1DA8991400273A97 /* Assets.xcassets */ = {isa = PBXFileReference; lastKnownFileType = folder.assetcatalog; path = Assets.xcassets; sourceTree = "<group>"; };
		E15183D01DA8991400273A97 /* Base */ = {isa = PBXFileReference; lastKnownFileType = file.storyboard; name = Base; path = Base.lproj/LaunchScreen.storyboard; sourceTree = "<group>"; };
		E15183D21DA8991400273A97 /* Info.plist */ = {isa = PBXFileReference; lastKnownFileType = text.plist.xml; path = Info.plist; sourceTree = "<group>"; };
		E15183D71DA8991400273A97 /* QuizTests.xctest */ = {isa = PBXFileReference; explicitFileType = wrapper.cfbundle; includeInIndex = 0; path = QuizTests.xctest; sourceTree = BUILT_PRODUCTS_DIR; };
		E15183DB1DA8991400273A97 /* QuizTests.swift */ = {isa = PBXFileReference; lastKnownFileType = sourcecode.swift; path = QuizTests.swift; sourceTree = "<group>"; };
		E15183DD1DA8991400273A97 /* Info.plist */ = {isa = PBXFileReference; lastKnownFileType = text.plist.xml; path = Info.plist; sourceTree = "<group>"; };
		E15183E21DA8991400273A97 /* QuizUITests.xctest */ = {isa = PBXFileReference; explicitFileType = wrapper.cfbundle; includeInIndex = 0; path = QuizUITests.xctest; sourceTree = BUILT_PRODUCTS_DIR; };
		E15183E61DA8991400273A97 /* QuizUITests.swift */ = {isa = PBXFileReference; lastKnownFileType = sourcecode.swift; path = QuizUITests.swift; sourceTree = "<group>"; };
		E15183E81DA8991400273A97 /* Info.plist */ = {isa = PBXFileReference; lastKnownFileType = text.plist.xml; path = Info.plist; sourceTree = "<group>"; };
/* End PBXFileReference section */

/* Begin PBXFrameworksBuildPhase section */
		E15183C01DA8991300273A97 /* Frameworks */ = {
			isa = PBXFrameworksBuildPhase;
			buildActionMask = 2147483647;
			files = (
			);
			runOnlyForDeploymentPostprocessing = 0;
		};
		E15183D41DA8991400273A97 /* Frameworks */ = {
			isa = PBXFrameworksBuildPhase;
			buildActionMask = 2147483647;
			files = (
			);
			runOnlyForDeploymentPostprocessing = 0;
		};
		E15183DF1DA8991400273A97 /* Frameworks */ = {
			isa = PBXFrameworksBuildPhase;
			buildActionMask = 2147483647;
			files = (
			);
			runOnlyForDeploymentPostprocessing = 0;
		};
/* End PBXFrameworksBuildPhase section */

/* Begin PBXGroup section */
		E15183BA1DA8991300273A97 = {
			isa = PBXGroup;
			children = (
				E15183C51DA8991400273A97 /* Quiz */,
				E15183DA1DA8991400273A97 /* QuizTests */,
				E15183E51DA8991400273A97 /* QuizUITests */,
				E15183C41DA8991400273A97 /* Products */,
			);
			sourceTree = "<group>";
		};
		E15183C41DA8991400273A97 /* Products */ = {
			isa = PBXGroup;
			children = (
				E15183C31DA8991400273A97 /* Quiz.app */,
				E15183D71DA8991400273A97 /* QuizTests.xctest */,
				E15183E21DA8991400273A97 /* QuizUITests.xctest */,
			);
			name = Products;
			sourceTree = "<group>";
		};
		E15183C51DA8991400273A97 /* Quiz */ = {
			isa = PBXGroup;
			children = (
				E15183C61DA8991400273A97 /* AppDelegate.swift */,
				E15183C81DA8991400273A97 /* ViewController.swift */,
				E15183CA1DA8991400273A97 /* Main.storyboard */,
				E15183CD1DA8991400273A97 /* Assets.xcassets */,
				E15183CF1DA8991400273A97 /* LaunchScreen.storyboard */,
				E15183D21DA8991400273A97 /* Info.plist */,
			);
			path = Quiz;
			sourceTree = "<group>";
		};
		E15183DA1DA8991400273A97 /* QuizTests */ = {
			isa = PBXGroup;
			children = (
				E15183DB1DA8991400273A97 /* QuizTests.swift */,
				E15183DD1DA8991400273A97 /* Info.plist */,
			);
			path = QuizTests;
			sourceTree = "<group>";
		};
		E15183E51DA8991400273A97 /* QuizUITests */ = {
			isa = PBXGroup;
			children = (
				E15183E61DA8991400273A97 /* QuizUITests.swift */,
				E15183E81DA8991400273A97 /* Info.plist */,
			);
			path = QuizUITests;
			sourceTree = "<group>";
		};
/* End PBXGroup section */

/* Begin PBXNativeTarget section */
		E15183C21DA8991300273A97 /* Quiz */ = {
			isa = PBXNativeTarget;
			buildConfigurationList = E15183EB1DA8991400273A97 /* Build configuration list for PBXNativeTarget "Quiz" */;
			buildPhases = (
				E15183BF1DA8991300273A97 /* Sources */,
				E15183C01DA8991300273A97 /* Frameworks */,
				E15183C11DA8991300273A97 /* Resources */,
			);
			buildRules = (
			);
			dependencies = (
			);
			name = Quiz;
			productName = Quiz;
			productReference = E15183C31DA8991400273A97 /* Quiz.app */;
			productType = "com.apple.product-type.application";
		};
		E15183D61DA8991400273A97 /* QuizTests */ = {
			isa = PBXNativeTarget;
			buildConfigurationList = E15183EE1DA8991400273A97 /* Build configuration list for PBXNativeTarget "QuizTests" */;
			buildPhases = (
				E15183D31DA8991400273A97 /* Sources */,
				E15183D41DA8991400273A97 /* Frameworks */,
				E15183D51DA8991400273A97 /* Resources */,
			);
			buildRules = (
			);
			dependencies = (
				E15183D91DA8991400273A97 /* PBXTargetDependency */,
			);
			name = QuizTests;
			productName = QuizTests;
			productReference = E15183D71DA8991400273A97 /* QuizTests.xctest */;
			productType = "com.apple.product-type.bundle.unit-test";
		};
		E15183E11DA8991400273A97 /* QuizUITests */ = {
			isa = PBXNativeTarget;
			buildConfigurationList = E15183F11DA8991400273A97 /* Build configuration list for PBXNativeTarget "QuizUITests" */;
			buildPhases = (
				E15183DE1DA8991400273A97 /* Sources */,
				E15183DF1DA8991400273A97 /* Frameworks */,
				E15183E01DA8991400273A97 /* Resources */,
			);
			buildRules = (
			);
			dependencies = (
				E15183E41DA8991400273A97 /* PBXTargetDependency */,
			);
			name = QuizUITests;
			productName = QuizUITests;
			productReference = E15183E21DA8991400273A97 /* QuizUITests.xctest */;
			productType = "com.apple.product-type.bundle.ui-testing";
		};
/* End PBXNativeTarget section */

/* Begin PBXProject section */
		E15183BB1DA8991300273A97 /* Project object */ = {
			isa = PBXProject;
			attributes = {
				LastSwiftUpdateCheck = 0800;
				LastUpgradeCheck = 0800;
				ORGANIZATIONNAME = "Jake Johnson";
				TargetAttributes = {
					E15183C21DA8991300273A97 = {
						CreatedOnToolsVersion = 8.0;
						DevelopmentTeam = 9SC6HHNP8Y;
						ProvisioningStyle = Automatic;
					};
					E15183D61DA8991400273A97 = {
						CreatedOnToolsVersion = 8.0;
						DevelopmentTeam = 9SC6HHNP8Y;
						ProvisioningStyle = Automatic;
						TestTargetID = E15183C21DA8991300273A97;
					};
					E15183E11DA8991400273A97 = {
						CreatedOnToolsVersion = 8.0;
						DevelopmentTeam = 9SC6HHNP8Y;
						ProvisioningStyle = Automatic;
						TestTargetID = E15183C21DA8991300273A97;
					};
				};
			};
			buildConfigurationList = E15183BE1DA8991300273A97 /* Build configuration list for PBXProject "Quiz" */;
			compatibilityVersion = "Xcode 3.2";
			developmentRegion = English;
			hasScannedForEncodings = 0;
			knownRegions = (
				en,
				Base,
			);
			mainGroup = E15183BA1DA8991300273A97;
			productRefGroup = E15183C41DA8991400273A97 /* Products */;
			projectDirPath = "";
			projectRoot = "";
			targets = (
				E15183C21DA8991300273A97 /* Quiz */,
				E15183D61DA8991400273A97 /* QuizTests */,
				E15183E11DA8991400273A97 /* QuizUITests */,
			);
		};
/* End PBXProject section */

/* Begin PBXResourcesBuildPhase section */
		E15183C11DA8991300273A97 /* Resources */ = {
			isa = PBXResourcesBuildPhase;
			buildActionMask = 2147483647;
			files = (
				E15183D11DA8991400273A97 /* LaunchScreen.storyboard in Resources */,
				E15183CE1DA8991400273A97 /* Assets.xcassets in Resources */,
				E15183CC1DA8991400273A97 /* Main.storyboard in Resources */,
			);
			runOnlyForDeploymentPostprocessing = 0;
		};
		E15183D51DA8991400273A97 /* Resources */ = {
			isa = PBXResourcesBuildPhase;
			buildActionMask = 2147483647;
			files = (
			);
			runOnlyForDeploymentPostprocessing = 0;
		};
		E15183E01DA8991400273A97 /* Resources */ = {
			isa = PBXResourcesBuildPhase;
			buildActionMask = 2147483647;
			files = (
			);
			runOnlyForDeploymentPostprocessing = 0;
		};
/* End PBXResourcesBuildPhase section */

/* Begin PBXSourcesBuildPhase section */
		E15183BF1DA8991300273A97 /* Sources */ = {
			isa = PBXSourcesBuildPhase;
			buildActionMask = 2147483647;
			files = (
				E15183C91DA8991400273A97 /* ViewController.swift in Sources */,
				E15183C71DA8991400273A97 /* AppDelegate.swift in Sources */,
			);
			runOnlyForDeploymentPostprocessing = 0;
		};
		E15183D31DA8991400273A97 /* Sources */ = {
			isa = PBXSourcesBuildPhase;
			buildActionMask = 2147483647;
			files = (
				E15183DC1DA8991400273A97 /* QuizTests.swift in Sources */,
			);
			runOnlyForDeploymentPostprocessing = 0;
		};
		E15183DE1DA8991400273A97 /* Sources */ = {
			isa = PBXSourcesBuildPhase;
			buildActionMask = 2147483647;
			files = (
				E15183E71DA8991400273A97 /* QuizUITests.swift in Sources */,
			);
			runOnlyForDeploymentPostprocessing = 0;
		};
/* End PBXSourcesBuildPhase section */

/* Begin PBXTargetDependency section */
		E15183D91DA8991400273A97 /* PBXTargetDependency */ = {
			isa = PBXTargetDependency;
			target = E15183C21DA8991300273A97 /* Quiz */;
			targetProxy = E15183D81DA8991400273A97 /* PBXContainerItemProxy */;
		};
		E15183E41DA8991400273A97 /* PBXTargetDependency */ = {
			isa = PBXTargetDependency;
			target = E15183C21DA8991300273A97 /* Quiz */;
			targetProxy = E15183E31DA8991400273A97 /* PBXContainerItemProxy */;
		};
/* End PBXTargetDependency section */

/* Begin PBXVariantGroup section */
		E15183CA1DA8991400273A97 /* Main.storyboard */ = {
			isa = PBXVariantGroup;
			children = (
				E15183CB1DA8991400273A97 /* Base */,
			);
			name = Main.storyboard;
			sourceTree = "<group>";
		};
		E15183CF1DA8991400273A97 /* LaunchScreen.storyboard */ = {
			isa = PBXVariantGroup;
			children = (
				E15183D01DA8991400273A97 /* Base */,
			);
			name = LaunchScreen.storyboard;
			sourceTree = "<group>";
		};
/* End PBXVariantGroup section */

/* Begin XCBuildConfiguration section */
		E15183E91DA8991400273A97 /* Debug */ = {
			isa = XCBuildConfiguration;
			buildSettings = {
				ALWAYS_SEARCH_USER_PATHS = NO;
				CLANG_ANALYZER_NONNULL = YES;
				CLANG_CXX_LANGUAGE_STANDARD = "gnu++0x";
				CLANG_CXX_LIBRARY = "libc++";
				CLANG_ENABLE_MODULES = YES;
				CLANG_ENABLE_OBJC_ARC = YES;
				CLANG_WARN_BOOL_CONVERSION = YES;
				CLANG_WARN_CONSTANT_CONVERSION = YES;
				CLANG_WARN_DIRECT_OBJC_ISA_USAGE = YES_ERROR;
				CLANG_WARN_DOCUMENTATION_COMMENTS = YES;
				CLANG_WARN_EMPTY_BODY = YES;
				CLANG_WARN_ENUM_CONVERSION = YES;
				CLANG_WARN_INFINITE_RECURSION = YES;
				CLANG_WARN_INT_CONVERSION = YES;
				CLANG_WARN_OBJC_ROOT_CLASS = YES_ERROR;
				CLANG_WARN_SUSPICIOUS_MOVES = YES;
				CLANG_WARN_UNREACHABLE_CODE = YES;
				CLANG_WARN__DUPLICATE_METHOD_MATCH = YES;
				"CODE_SIGN_IDENTITY[sdk=iphoneos*]" = "iPhone Developer";
				COPY_PHASE_STRIP = NO;
				DEBUG_INFORMATION_FORMAT = dwarf;
				ENABLE_STRICT_OBJC_MSGSEND = YES;
				ENABLE_TESTABILITY = YES;
				GCC_C_LANGUAGE_STANDARD = gnu99;
				GCC_DYNAMIC_NO_PIC = NO;
				GCC_NO_COMMON_BLOCKS = YES;
				GCC_OPTIMIZATION_LEVEL = 0;
				GCC_PREPROCESSOR_DEFINITIONS = (
					"DEBUG=1",
					"$(inherited)",
				);
				GCC_WARN_64_TO_32_BIT_CONVERSION = YES;
				GCC_WARN_ABOUT_RETURN_TYPE = YES_ERROR;
				GCC_WARN_UNDECLARED_SELECTOR = YES;
				GCC_WARN_UNINITIALIZED_AUTOS = YES_AGGRESSIVE;
				GCC_WARN_UNUSED_FUNCTION = YES;
				GCC_WARN_UNUSED_VARIABLE = YES;
				IPHONEOS_DEPLOYMENT_TARGET = 10.0;
				MTL_ENABLE_DEBUG_INFO = YES;
				ONLY_ACTIVE_ARCH = YES;
				SDKROOT = iphoneos;
				SWIFT_ACTIVE_COMPILATION_CONDITIONS = DEBUG;
				SWIFT_OPTIMIZATION_LEVEL = "-Onone";
				TARGETED_DEVICE_FAMILY = "1,2";
			};
			name = Debug;
		};
		E15183EA1DA8991400273A97 /* Release */ = {
			isa = XCBuildConfiguration;
			buildSettings = {
				ALWAYS_SEARCH_USER_PATHS = NO;
				CLANG_ANALYZER_NONNULL = YES;
				CLANG_CXX_LANGUAGE_STANDARD = "gnu++0x";
				CLANG_CXX_LIBRARY = "libc++";
				CLANG_ENABLE_MODULES = YES;
				CLANG_ENABLE_OBJC_ARC = YES;
				CLANG_WARN_BOOL_CONVERSION = YES;
				CLANG_WARN_CONSTANT_CONVERSION = YES;
				CLANG_WARN_DIRECT_OBJC_ISA_USAGE = YES_ERROR;
				CLANG_WARN_DOCUMENTATION_COMMENTS = YES;
				CLANG_WARN_EMPTY_BODY = YES;
				CLANG_WARN_ENUM_CONVERSION = YES;
				CLANG_WARN_INFINITE_RECURSION = YES;
				CLANG_WARN_INT_CONVERSION = YES;
				CLANG_WARN_OBJC_ROOT_CLASS = YES_ERROR;
				CLANG_WARN_SUSPICIOUS_MOVES = YES;
				CLANG_WARN_UNREACHABLE_CODE = YES;
				CLANG_WARN__DUPLICATE_METHOD_MATCH = YES;
				"CODE_SIGN_IDENTITY[sdk=iphoneos*]" = "iPhone Developer";
				COPY_PHASE_STRIP = NO;
				DEBUG_INFORMATION_FORMAT = "dwarf-with-dsym";
				ENABLE_NS_ASSERTIONS = NO;
				ENABLE_STRICT_OBJC_MSGSEND = YES;
				GCC_C_LANGUAGE_STANDARD = gnu99;
				GCC_NO_COMMON_BLOCKS = YES;
				GCC_WARN_64_TO_32_BIT_CONVERSION = YES;
				GCC_WARN_ABOUT_RETURN_TYPE = YES_ERROR;
				GCC_WARN_UNDECLARED_SELECTOR = YES;
				GCC_WARN_UNINITIALIZED_AUTOS = YES_AGGRESSIVE;
				GCC_WARN_UNUSED_FUNCTION = YES;
				GCC_WARN_UNUSED_VARIABLE = YES;
				IPHONEOS_DEPLOYMENT_TARGET = 10.0;
				MTL_ENABLE_DEBUG_INFO = NO;
				SDKROOT = iphoneos;
				SWIFT_OPTIMIZATION_LEVEL = "-Owholemodule";
				TARGETED_DEVICE_FAMILY = "1,2";
				VALIDATE_PRODUCT = YES;
			};
			name = Release;
		};
		E15183EC1DA8991400273A97 /* Debug */ = {
			isa = XCBuildConfiguration;
			buildSettings = {
				ASSETCATALOG_COMPILER_APPICON_NAME = AppIcon;
				DEVELOPMENT_TEAM = 9SC6HHNP8Y;
				INFOPLIST_FILE = Quiz/Info.plist;
				LD_RUNPATH_SEARCH_PATHS = "$(inherited) @executable_path/Frameworks";
				PRODUCT_BUNDLE_IDENTIFIER = jakejohnson.Quiz;
				PRODUCT_NAME = "$(TARGET_NAME)";
				SWIFT_VERSION = 3.0;
			};
			name = Debug;
		};
		E15183ED1DA8991400273A97 /* Release */ = {
			isa = XCBuildConfiguration;
			buildSettings = {
				ASSETCATALOG_COMPILER_APPICON_NAME = AppIcon;
				DEVELOPMENT_TEAM = 9SC6HHNP8Y;
				INFOPLIST_FILE = Quiz/Info.plist;
				LD_RUNPATH_SEARCH_PATHS = "$(inherited) @executable_path/Frameworks";
				PRODUCT_BUNDLE_IDENTIFIER = jakejohnson.Quiz;
				PRODUCT_NAME = "$(TARGET_NAME)";
				SWIFT_VERSION = 3.0;
			};
			name = Release;
		};
		E15183EF1DA8991400273A97 /* Debug */ = {
			isa = XCBuildConfiguration;
			buildSettings = {
				ALWAYS_EMBED_SWIFT_STANDARD_LIBRARIES = YES;
				BUNDLE_LOADER = "$(TEST_HOST)";
				DEVELOPMENT_TEAM = 9SC6HHNP8Y;
				INFOPLIST_FILE = QuizTests/Info.plist;
				LD_RUNPATH_SEARCH_PATHS = "$(inherited) @executable_path/Frameworks @loader_path/Frameworks";
				PRODUCT_BUNDLE_IDENTIFIER = jakejohnson.QuizTests;
				PRODUCT_NAME = "$(TARGET_NAME)";
				SWIFT_VERSION = 3.0;
				TEST_HOST = "$(BUILT_PRODUCTS_DIR)/Quiz.app/Quiz";
			};
			name = Debug;
		};
		E15183F01DA8991400273A97 /* Release */ = {
			isa = XCBuildConfiguration;
			buildSettings = {
				ALWAYS_EMBED_SWIFT_STANDARD_LIBRARIES = YES;
				BUNDLE_LOADER = "$(TEST_HOST)";
				DEVELOPMENT_TEAM = 9SC6HHNP8Y;
				INFOPLIST_FILE = QuizTests/Info.plist;
				LD_RUNPATH_SEARCH_PATHS = "$(inherited) @executable_path/Frameworks @loader_path/Frameworks";
				PRODUCT_BUNDLE_IDENTIFIER = jakejohnson.QuizTests;
				PRODUCT_NAME = "$(TARGET_NAME)";
				SWIFT_VERSION = 3.0;
				TEST_HOST = "$(BUILT_PRODUCTS_DIR)/Quiz.app/Quiz";
			};
			name = Release;
		};
		E15183F21DA8991400273A97 /* Debug */ = {
			isa = XCBuildConfiguration;
			buildSettings = {
				ALWAYS_EMBED_SWIFT_STANDARD_LIBRARIES = YES;
				DEVELOPMENT_TEAM = 9SC6HHNP8Y;
				INFOPLIST_FILE = QuizUITests/Info.plist;
				LD_RUNPATH_SEARCH_PATHS = "$(inherited) @executable_path/Frameworks @loader_path/Frameworks";
				PRODUCT_BUNDLE_IDENTIFIER = jakejohnson.QuizUITests;
				PRODUCT_NAME = "$(TARGET_NAME)";
				SWIFT_VERSION = 3.0;
				TEST_TARGET_NAME = Quiz;
			};
			name = Debug;
		};
		E15183F31DA8991400273A97 /* Release */ = {
			isa = XCBuildConfiguration;
			buildSettings = {
				ALWAYS_EMBED_SWIFT_STANDARD_LIBRARIES = YES;
				DEVELOPMENT_TEAM = 9SC6HHNP8Y;
				INFOPLIST_FILE = QuizUITests/Info.plist;
				LD_RUNPATH_SEARCH_PATHS = "$(inherited) @executable_path/Frameworks @loader_path/Frameworks";
				PRODUCT_BUNDLE_IDENTIFIER = jakejohnson.QuizUITests;
				PRODUCT_NAME = "$(TARGET_NAME)";
				SWIFT_VERSION = 3.0;
				TEST_TARGET_NAME = Quiz;
			};
			name = Release;
		};
/* End XCBuildConfiguration section */

/* Begin XCConfigurationList section */
		E15183BE1DA8991300273A97 /* Build configuration list for PBXProject "Quiz" */ = {
			isa = XCConfigurationList;
			buildConfigurations = (
				E15183E91DA8991400273A97 /* Debug */,
				E15183EA1DA8991400273A97 /* Release */,
			);
			defaultConfigurationIsVisible = 0;
			defaultConfigurationName = Release;
		};
		E15183EB1DA8991400273A97 /* Build configuration list for PBXNativeTarget "Quiz" */ = {
			isa = XCConfigurationList;
			buildConfigurations = (
				E15183EC1DA8991400273A97 /* Debug */,
				E15183ED1DA8991400273A97 /* Release */,
			);
			defaultConfigurationIsVisible = 0;
		};
		E15183EE1DA8991400273A97 /* Build configuration list for PBXNativeTarget "QuizTests" */ = {
			isa = XCConfigurationList;
			buildConfigurations = (
				E15183EF1DA8991400273A97 /* Debug */,
				E15183F01DA8991400273A97 /* Release */,
			);
			defaultConfigurationIsVisible = 0;
		};
		E15183F11DA8991400273A97 /* Build configuration list for PBXNativeTarget "QuizUITests" */ = {
			isa = XCConfigurationList;
			buildConfigurations = (
				E15183F21DA8991400273A97 /* Debug */,
				E15183F31DA8991400273A97 /* Release */,
			);
			defaultConfigurationIsVisible = 0;
		};
/* End XCConfigurationList section */
	};
	rootObject = E15183BB1DA8991300273A97 /* Project object */;
}
